
Microsoft Visual Studio Solution File, Format Version 12.00
# Visual Studio Version 17
VisualStudioVersion = 17.8.34525.116
MinimumVisualStudioVersion = 10.0.40219.1
Project("{FAE04EC0-301F-11D3-BF4B-00C04F79EFBC}") = "Autorisation", "Autorisation\Autorisation.csproj", "{B49F1A85-174E-46C9-9540-465B669F07C5}"
EndProject
Global
	GlobalSection(SolutionConfigurationPlatforms) = preSolution
		Debug|Any CPU = Debug|Any CPU
		Release|Any CPU = Release|Any CPU
	EndGlobalSection
	GlobalSection(ProjectConfigurationPlatforms) = postSolution
		{B49F1A85-174E-46C9-9540-465B669F07C5}.Debug|Any CPU.ActiveCfg = Debug|Any CPU
		{B49F1A85-174E-46C9-9540-465B669F07C5}.Debug|Any CPU.Build.0 = Debug|Any CPU
		{B49F1A85-174E-46C9-9540-465B669F07C5}.Release|Any CPU.ActiveCfg = Release|Any CPU
		{B49F1A85-174E-46C9-9540-465B669F07C5}.Release|Any CPU.Build.0 = Release|Any CPU
	EndGlobalSection
	GlobalSection(SolutionProperties) = preSolution
		HideSolutionNode = FALSE
	EndGlobalSection
	GlobalSection(ExtensibilityGlobals) = postSolution
		SolutionGuid = {8FA248AA-1369-410A-8C49-ED64B9E29DE5}
	EndGlobalSection
EndGlobal
